url de pipeline = https://jenkins.any-pre-ops.net/blue/organizations/jenkins/devops-cdata-crm-aws/detail/devops-cdata-crm-aws/529/pipeline/860
Observaciones= Se opta por no desplegar el recurso, dada la instrucción del equipo de devops de no realizar implementaciones sobre los recursos de red. Sin embargo se adjunta logs del plan y url de jenkins donde se cumple con los requerimientos del punto.

# aws_instance.test_instance_example will be created

  + resource "aws_instance" "test_instance_example" {

      + ami                                  = "ami-0c55b159cbfafe1f0"

      + arn                                  = (known after apply)

      + associate_public_ip_address          = (known after apply)

      + availability_zone                    = (known after apply)

      + cpu_core_count                       = (known after apply)

      + cpu_threads_per_core                 = (known after apply)

      + disable_api_termination              = (known after apply)

      + ebs_optimized                        = (known after apply)

      + get_password_data                    = false

      + host_id                              = (known after apply)

      + id                                   = (known after apply)

      + instance_initiated_shutdown_behavior = (known after apply)

      + instance_state                       = (known after apply)

      + instance_type                        = "t2.micro"

      + ipv6_address_count                   = (known after apply)

      + ipv6_addresses                       = (known after apply)

      + key_name                             = (known after apply)

      + monitoring                           = true

      + outpost_arn                          = (known after apply)

      + password_data                        = (known after apply)

      + placement_group                      = (known after apply)

      + placement_partition_number           = (known after apply)

      + primary_network_interface_id         = (known after apply)

      + private_dns                          = (known after apply)

      + private_ip                           = (known after apply)

      + public_dns                           = (known after apply)

      + public_ip                            = (known after apply)

      + secondary_private_ips                = (known after apply)

      + security_groups                      = (known after apply)

      + source_dest_check                    = true

      + subnet_id                            = (known after apply)

      + tags                                 = {

          + "stack_id_test" = "cdata_crm_dev"

        }

      + tags_all                             = {

          + "stack_id_test" = "cdata_crm_dev"

        }

      + tenancy                              = (known after apply)

      + user_data                            = (known after apply)

      + user_data_base64                     = (known after apply)

      + vpc_security_group_ids               = (known after apply)



      + capacity_reservation_specification {

          + capacity_reservation_preference = (known after apply)



          + capacity_reservation_target {

              + capacity_reservation_id = (known after apply)

            }

        }



      + ebs_block_device {

          + delete_on_termination = (known after apply)

          + device_name           = (known after apply)

          + encrypted             = (known after apply)

          + iops                  = (known after apply)

          + kms_key_id            = (known after apply)

          + snapshot_id           = (known after apply)

          + tags                  = (known after apply)

          + throughput            = (known after apply)

          + volume_id             = (known after apply)

          + volume_size           = (known after apply)

          + volume_type           = (known after apply)

        }



      + enclave_options {

          + enabled = (known after apply)

        }



      + ephemeral_block_device {

          + device_name  = (known after apply)

          + no_device    = (known after apply)

          + virtual_name = (known after apply)

        }



      + metadata_options {

          + http_endpoint               = (known after apply)

          + http_put_response_hop_limit = (known after apply)

          + http_tokens                 = (known after apply)

          + instance_metadata_tags      = (known after apply)

        }



      + network_interface {

          + delete_on_termination = (known after apply)

          + device_index          = (known after apply)

          + network_interface_id  = (known after apply)

        }



      + root_block_device {

          + delete_on_termination = true

          + device_name           = (known after apply)

          + encrypted             = (known after apply)

          + iops                  = (known after apply)

          + kms_key_id            = (known after apply)

          + throughput            = (known after apply)

          + volume_id             = (known after apply)

          + volume_size           = 30

          + volume_type           = "gp2"

        }

    }



  # aws_security_group.security_group_test will be created

  + resource "aws_security_group" "security_group_test" {

      + arn                    = (known after apply)

      + description            = "Permite trafico entrante en el puerto 80"

      + egress                 = (known after apply)

      + id                     = (known after apply)

      + ingress                = [

          + {

              + cidr_blocks      = [

                  + "0.0.0.0/0",

                ]

              + description      = ""

              + from_port        = 80

              + ipv6_cidr_blocks = []

              + prefix_list_ids  = []

              + protocol         = "tcp"

              + security_groups  = []

              + self             = false

              + to_port          = 80

            },

        ]

      + name                   = "test-security-group-anderson"

      + name_prefix            = (known after apply)

      + owner_id               = (known after apply)

      + revoke_rules_on_delete = false

      + tags_all               = (known after apply)

      + vpc_id                 = (known after apply)

    }



  # aws_subnet.subnet_test will be created

  + resource "aws_subnet" "subnet_test" {

      + arn                                            = (known after apply)

      + assign_ipv6_address_on_creation                = false

      + availability_zone                              = "********"

      + availability_zone_id                           = (known after apply)

      + cidr_block                                     = "172.16.10.0/24"

      + enable_dns64                                   = false

      + enable_resource_name_dns_a_record_on_launch    = false

      + enable_resource_name_dns_aaaa_record_on_launch = false

      + id                                             = (known after apply)

      + ipv6_cidr_block_association_id                 = (known after apply)

      + ipv6_native                                    = false

      + map_public_ip_on_launch                        = false

      + owner_id                                       = (known after apply)

      + private_dns_hostname_type_on_launch            = (known after apply)

      + tags                                           = {

          + "stack_id_test" = "cdata_crm_dev"

        }

      + tags_all                                       = {

          + "stack_id_test" = "cdata_crm_dev"

        }

      + vpc_id                                         = (known after apply)

    }



  # aws_vpc.vpc_test will be created

  + resource "aws_vpc" "vpc_test" {

      + arn                                  = (known after apply)

      + cidr_block                           = "172.16.0.0/16"

      + default_network_acl_id               = (known after apply)

      + default_route_table_id               = (known after apply)

      + default_security_group_id            = (known after apply)

      + dhcp_options_id                      = (known after apply)

      + enable_classiclink                   = (known after apply)

      + enable_classiclink_dns_support       = (known after apply)

      + enable_dns_hostnames                 = (known after apply)

      + enable_dns_support                   = true

      + id                                   = (known after apply)

      + instance_tenancy                     = "default"

      + ipv6_association_id                  = (known after apply)

      + ipv6_cidr_block                      = (known after apply)

      + ipv6_cidr_block_network_border_group = (known after apply)

      + main_route_table_id                  = (known after apply)

      + owner_id                             = (known after apply)

      + tags                                 = {

          + "stack_id_test" = "cdata_crm_dev"

        }

      + tags_all                             = {

          + "stack_id_test" = "cdata_crm_dev"

        }

    }